<?xml version="1.0" encoding="utf-8"?>
<Project ToolsVersion="4.0" xmlns="http://schemas.microsoft.com/developer/msbuild/2003">
  <ItemGroup>
    <ClCompile Include="src\main.cpp" />
    <ClCompile Include="src\program.cpp">
      <Filter>Program</Filter>
    </ClCompile>
    <ClCompile Include="src\pyramid.cpp">
      <Filter>Program\Pyramid</Filter>
    </ClCompile>
  </ItemGroup>
  <ItemGroup>
    <Filter Include="Program">
      <UniqueIdentifier>{6419b085-c149-400b-b8ca-d6188ef91bb2}</UniqueIdentifier>
    </Filter>
    <Filter Include="Program\Pyramid">
      <UniqueIdentifier>{7a121249-d3cd-489d-8428-dbe6ff7373aa}</UniqueIdentifier>
    </Filter>
    <Filter Include="Program\Pyramid\Step">
      <UniqueIdentifier>{235c2f13-d595-4cc6-b35e-a3c40a562591}</UniqueIdentifier>
    </Filter>
    <Filter Include="Program\Pyramid\Step\Line">
      <UniqueIdentifier>{29f33032-d858-4dd5-b8a8-aee628252f7e}</UniqueIdentifier>
    </Filter>
  </ItemGroup>
  <ItemGroup>
    <ClInclude Include="src\program.h">
      <Filter>Program</Filter>
    </ClInclude>
    <ClInclude Include="src\pyramid.h">
      <Filter>Program\Pyramid</Filter>
    </ClInclude>
    <ClInclude Include="src\line.h">
      <Filter>Program\Pyramid\Step\Line</Filter>
    </ClInclude>
    <ClInclude Include="src\step.h">
      <Filter>Program\Pyramid\Step</Filter>
    </ClInclude>
  </ItemGroup>
</Project>